
Microsoft Visual Studio Solution File, Format Version 12.00
# Visual Studio Version 17
VisualStudioVersion = 17.14.36310.24 d17.14
MinimumVisualStudioVersion = 10.0.40219.1
Project("{FAE04EC0-301F-11D3-BF4B-00C04F79EFBC}") = "PatientViewerAPI", "PatientViewerAPI.csproj", "{98D1C936-3693-48B6-AA3C-87B43C64B7E5}"
EndProject
Global
	GlobalSection(SolutionConfigurationPlatforms) = preSolution
		Debug|Any CPU = Debug|Any CPU
		Release|Any CPU = Release|Any CPU
	EndGlobalSection
	GlobalSection(ProjectConfigurationPlatforms) = postSolution
		{98D1C936-3693-48B6-AA3C-87B43C64B7E5}.Debug|Any CPU.ActiveCfg = Debug|Any CPU
		{98D1C936-3693-48B6-AA3C-87B43C64B7E5}.Debug|Any CPU.Build.0 = Debug|Any CPU
		{98D1C936-3693-48B6-AA3C-87B43C64B7E5}.Release|Any CPU.ActiveCfg = Release|Any CPU
		{98D1C936-3693-48B6-AA3C-87B43C64B7E5}.Release|Any CPU.Build.0 = Release|Any CPU
	EndGlobalSection
	GlobalSection(SolutionProperties) = preSolution
		HideSolutionNode = FALSE
	EndGlobalSection
	GlobalSection(ExtensibilityGlobals) = postSolution
		SolutionGuid = {7773EDA5-6096-45DF-BF43-EE7EA1ADA646}
	EndGlobalSection
EndGlobal
